{
  "name": "ft_transcendence",
  "lockfileVersion": 2,
  "requires": true,
  "packages": {
    "": {
      "dependencies": {
        "vue-chat-scroll": "^1.4.0"
      }
    },
    "node_modules/vue": {
      "version": "2.6.14",
      "resolved": "https://registry.npmjs.org/vue/-/vue-2.6.14.tgz",
      "integrity": "sha512-x2284lgYvjOMj3Za7kqzRcUSxBboHqtgRE2zlos1qWaOye5yUmHn42LB1250NJBLRwEcdrB0JRwyPTEPhfQjiQ==",
      "peer": true
    },
    "node_modules/vue-chat-scroll": {
      "version": "1.4.0",
      "resolved": "https://registry.npmjs.org/vue-chat-scroll/-/vue-chat-scroll-1.4.0.tgz",
      "integrity": "sha512-taHcwJJadZwJR4C4t/fv+R9ZXXSrwrpQKP17La/ep5q7IyH5i3BvscgSpXwu7s8TPP9T9n5n3JDnO+vRsZ/mBQ==",
      "peerDependencies": {
        "vue": "^2.4.4"
      }
    }
  },
  "dependencies": {
    "vue": {
      "version": "2.6.14",
      "resolved": "https://registry.npmjs.org/vue/-/vue-2.6.14.tgz",
      "integrity": "sha512-x2284lgYvjOMj3Za7kqzRcUSxBboHqtgRE2zlos1qWaOye5yUmHn42LB1250NJBLRwEcdrB0JRwyPTEPhfQjiQ==",
      "peer": true
    },
    "vue-chat-scroll": {
      "version": "1.4.0",
      "resolved": "https://registry.npmjs.org/vue-chat-scroll/-/vue-chat-scroll-1.4.0.tgz",
      "integrity": "sha512-taHcwJJadZwJR4C4t/fv+R9ZXXSrwrpQKP17La/ep5q7IyH5i3BvscgSpXwu7s8TPP9T9n5n3JDnO+vRsZ/mBQ==",
      "requires": {}
    }
  }
}
